{
    __meta__ = {
        version = "1.0"
    },
    ["windows|x64"] = {
        ["cmake#f56260b5"] = {
            version = "4.1.1-msvc1"
        },
        ["jsoncpp#f56260b5"] = {
            version = "1.9.6"
        },
        ["ninja#f56260b5"] = {
            version = "1.12.1"
        },
        ["spdlog#09c8c173"] = {
            version = "v1.16.0"
        }
    }
}