{
    __meta__ = {
        version = "1.0"
    },
    ["windows|x64"] = {
        ["cmake#f56260b5"] = {
            repo = {
                branch = "master",
                commit = "f535c28901a687e87c9a93f2b5085de95050bbda",
                url = "https://gitlab.com/tboox/xmake-repo.git"
            },
            version = "3.31.6-msvc6"
        },
        ["jsoncpp#f56260b5"] = {
            repo = {
                branch = "master",
                commit = "f535c28901a687e87c9a93f2b5085de95050bbda",
                url = "https://gitlab.com/tboox/xmake-repo.git"
            },
            version = "1.9.8"
        },
        ["ninja#f56260b5"] = {
            repo = {
                branch = "master",
                commit = "f535c28901a687e87c9a93f2b5085de95050bbda",
                url = "https://gitlab.com/tboox/xmake-repo.git"
            },
            version = "1.12.1"
        },
        ["spdlog v1.16.0#09c8c173"] = {
            repo = {
                branch = "master",
                commit = "f535c28901a687e87c9a93f2b5085de95050bbda",
                url = "https://gitlab.com/tboox/xmake-repo.git"
            },
            version = "v1.16.0"
        }
    }
}